
Microsoft Visual Studio Solution File, Format Version 12.00
# Visual Studio Version 17
VisualStudioVersion = 17.10.35027.167
MinimumVisualStudioVersion = 10.0.40219.1
Project("{9A19103F-16F7-4668-BE54-9A1E7A4F7556}") = "Leetcode.Problems.0001", "Leetcode.Problems.0001\Leetcode.Problems.0001.csproj", "{1A3E649D-6E3F-42E4-B634-0371032A569A}"
EndProject
Project("{9A19103F-16F7-4668-BE54-9A1E7A4F7556}") = "Leetcode.Problems.0009", "Leetcode.Problems.0009\Leetcode.Problems.0009.csproj", "{9E4303BB-FF58-47C6-82B7-785F7FEAAF8D}"
EndProject
Project("{9A19103F-16F7-4668-BE54-9A1E7A4F7556}") = "Leetcode.Problems.0191", "Leetcode.Problems.0191\Leetcode.Problems.0191.csproj", "{4325C42F-D00D-491F-AE12-DB997CB84A09}"
EndProject
Global
	GlobalSection(SolutionConfigurationPlatforms) = preSolution
		Debug|Any CPU = Debug|Any CPU
		Release|Any CPU = Release|Any CPU
	EndGlobalSection
	GlobalSection(ProjectConfigurationPlatforms) = postSolution
		{1A3E649D-6E3F-42E4-B634-0371032A569A}.Debug|Any CPU.ActiveCfg = Debug|Any CPU
		{1A3E649D-6E3F-42E4-B634-0371032A569A}.Debug|Any CPU.Build.0 = Debug|Any CPU
		{1A3E649D-6E3F-42E4-B634-0371032A569A}.Release|Any CPU.ActiveCfg = Release|Any CPU
		{1A3E649D-6E3F-42E4-B634-0371032A569A}.Release|Any CPU.Build.0 = Release|Any CPU
		{9E4303BB-FF58-47C6-82B7-785F7FEAAF8D}.Debug|Any CPU.ActiveCfg = Debug|Any CPU
		{9E4303BB-FF58-47C6-82B7-785F7FEAAF8D}.Debug|Any CPU.Build.0 = Debug|Any CPU
		{9E4303BB-FF58-47C6-82B7-785F7FEAAF8D}.Release|Any CPU.ActiveCfg = Release|Any CPU
		{9E4303BB-FF58-47C6-82B7-785F7FEAAF8D}.Release|Any CPU.Build.0 = Release|Any CPU
		{4325C42F-D00D-491F-AE12-DB997CB84A09}.Debug|Any CPU.ActiveCfg = Debug|Any CPU
		{4325C42F-D00D-491F-AE12-DB997CB84A09}.Debug|Any CPU.Build.0 = Debug|Any CPU
		{4325C42F-D00D-491F-AE12-DB997CB84A09}.Release|Any CPU.ActiveCfg = Release|Any CPU
		{4325C42F-D00D-491F-AE12-DB997CB84A09}.Release|Any CPU.Build.0 = Release|Any CPU
	EndGlobalSection
	GlobalSection(SolutionProperties) = preSolution
		HideSolutionNode = FALSE
	EndGlobalSection
	GlobalSection(ExtensibilityGlobals) = postSolution
		SolutionGuid = {AB4BE120-F563-4CB5-881B-9B5D86033431}
	EndGlobalSection
EndGlobal
